{
  "version": 4,
  "terraform_version": "1.13.3",
  "serial": 5,
  "lineage": "8ebf999a-3984-7219-fc37-926b875bc9fd",
  "outputs": {},
  "resources": [
    {
      "mode": "managed",
      "type": "github_repository",
      "name": "icecube_dog",
      "provider": "provider[\"registry.terraform.io/integrations/github\"]",
      "instances": [
        {
          "schema_version": 1,
          "attributes": {
            "allow_auto_merge": true,
            "allow_merge_commit": false,
            "allow_rebase_merge": false,
            "allow_squash_merge": true,
            "allow_update_branch": true,
            "archive_on_destroy": null,
            "archived": false,
            "auto_init": false,
            "default_branch": "main",
            "delete_branch_on_merge": true,
            "description": "",
            "etag": "W/\"dcec1850794d64fd320c05bc99dbdd7e059979fa2ed8b40a911c3128484083b1\"",
            "full_name": "kevcube/icecube.dog",
            "git_clone_url": "git://github.com/kevcube/icecube.dog.git",
            "gitignore_template": null,
            "has_discussions": false,
            "has_downloads": false,
            "has_issues": false,
            "has_projects": false,
            "has_wiki": false,
            "homepage_url": "https://icecube.dog",
            "html_url": "https://github.com/kevcube/icecube.dog",
            "http_clone_url": "https://github.com/kevcube/icecube.dog.git",
            "id": "icecube.dog",
            "ignore_vulnerability_alerts_during_read": null,
            "is_template": false,
            "license_template": null,
            "merge_commit_message": "PR_TITLE",
            "merge_commit_title": "MERGE_MESSAGE",
            "name": "icecube.dog",
            "node_id": "R_kgDOIlacaQ",
            "pages": [],
            "primary_language": "TypeScript",
            "private": false,
            "repo_id": 576101481,
            "security_and_analysis": [
              {
                "advanced_security": [],
                "secret_scanning": [
                  {
                    "status": "disabled"
                  }
                ],
                "secret_scanning_push_protection": [
                  {
                    "status": "disabled"
                  }
                ]
              }
            ],
            "squash_merge_commit_message": "PR_BODY",
            "squash_merge_commit_title": "PR_TITLE",
            "ssh_clone_url": "git@github.com:kevcube/icecube.dog.git",
            "svn_url": "https://github.com/kevcube/icecube.dog",
            "template": [],
            "topics": [],
            "visibility": "public",
            "vulnerability_alerts": true,
            "web_commit_signoff_required": false
          },
          "sensitive_attributes": [],
          "identity_schema_version": 0,
          "private": "eyJzY2hlbWFfdmVyc2lvbiI6IjEifQ=="
        }
      ]
    },
    {
      "mode": "managed",
      "type": "vercel_project",
      "name": "icecube_dog",
      "provider": "provider[\"registry.terraform.io/vercel/vercel\"]",
      "instances": [
        {
          "schema_version": 0,
          "attributes": {
            "auto_assign_custom_domains": true,
            "automatically_expose_system_environment_variables": true,
            "build_command": null,
            "build_machine_type": "",
            "customer_success_code_visibility": false,
            "dev_command": null,
            "directory_listing": false,
            "enable_affected_projects_deployments": false,
            "enable_preview_feedback": null,
            "enable_production_feedback": false,
            "environment": null,
            "framework": "nextjs",
            "function_failover": false,
            "git_comments": null,
            "git_fork_protection": true,
            "git_lfs": false,
            "git_repository": {
              "deploy_hooks": null,
              "production_branch": "main",
              "repo": "kevcube/icecube.dog",
              "type": "github"
            },
            "id": "prj_V9UExLWHup14fGneLAqS6RbHWAWB",
            "ignore_command": null,
            "install_command": null,
            "name": "icecube-dog",
            "node_version": "18.x",
            "oidc_token_config": {
              "enabled": true,
              "issuer_mode": "team"
            },
            "on_demand_concurrent_builds": false,
            "options_allowlist": null,
            "output_directory": null,
            "password_protection": null,
            "preview_comments": null,
            "preview_deployments_disabled": false,
            "prioritise_production_builds": false,
            "protection_bypass_for_automation": null,
            "protection_bypass_for_automation_secret": null,
            "public_source": null,
            "resource_config": {
              "fluid": false,
              "function_default_cpu_type": "standard_legacy",
              "function_default_regions": [
                "iad1"
              ],
              "function_default_timeout": null
            },
            "root_directory": null,
            "serverless_function_region": "iad1",
            "skew_protection": null,
            "team_id": null,
            "trusted_ips": null,
            "vercel_authentication": {
              "deployment_type": "none"
            }
          },
          "sensitive_attributes": [
            [
              {
                "type": "get_attr",
                "value": "protection_bypass_for_automation_secret"
              }
            ]
          ],
          "identity_schema_version": 0
        }
      ]
    }
  ],
  "check_results": null
}
